
Microsoft Visual Studio Solution File, Format Version 12.00
# Visual Studio Version 16
VisualStudioVersion = 16.0.30907.101
MinimumVisualStudioVersion = 10.0.40219.1
Project("{FAE04EC0-301F-11D3-BF4B-00C04F79EFBC}") = "ProjectNew", "ProjectNew\ProjectNew.csproj", "{34FB8AC0-6AF1-47B6-92AB-18932D65A932}"
EndProject
Global
	GlobalSection(SolutionConfigurationPlatforms) = preSolution
		Debug|Any CPU = Debug|Any CPU
		Release|Any CPU = Release|Any CPU
	EndGlobalSection
	GlobalSection(ProjectConfigurationPlatforms) = postSolution
		{34FB8AC0-6AF1-47B6-92AB-18932D65A932}.Debug|Any CPU.ActiveCfg = Debug|Any CPU
		{34FB8AC0-6AF1-47B6-92AB-18932D65A932}.Debug|Any CPU.Build.0 = Debug|Any CPU
		{34FB8AC0-6AF1-47B6-92AB-18932D65A932}.Release|Any CPU.ActiveCfg = Release|Any CPU
		{34FB8AC0-6AF1-47B6-92AB-18932D65A932}.Release|Any CPU.Build.0 = Release|Any CPU
	EndGlobalSection
	GlobalSection(SolutionProperties) = preSolution
		HideSolutionNode = FALSE
	EndGlobalSection
	GlobalSection(ExtensibilityGlobals) = postSolution
		SolutionGuid = {0B93E754-7899-47DE-9944-18806B990982}
	EndGlobalSection
EndGlobal
